{
  "name": "@limecloud/agent-app-studio",
  "version": "0.2.0",
  "lockfileVersion": 3,
  "requires": true,
  "packages": {
    "": {
      "name": "@limecloud/agent-app-studio",
      "version": "0.2.0",
      "license": "Apache-2.0",
      "dependencies": {
        "@lime/app-sdk": "npm:@limecloud/agent-app-runtime@^0.1.0",
        "yazl": "^3.3.1"
      },
      "bin": {
        "lime-agent-app": "bin/lime-agent-app-studio.mjs",
        "lime-agent-app-studio": "bin/lime-agent-app-studio.mjs"
      },
      "engines": {
        "node": ">=20.0.0"
      }
    },
    "node_modules/@lime/app-sdk": {
      "name": "@limecloud/agent-app-runtime",
      "version": "0.1.0",
      "resolved": "https://registry.npmjs.org/@limecloud/agent-app-runtime/-/agent-app-runtime-0.1.0.tgz",
      "integrity": "sha512-H07SJeIUfHy/+x67PIp3dWLmNRxupAjxhF3vOadiWhqbq5eywnTmhm41IE4QOhoe2SklM2g5I7tN1l07Q4kImw==",
      "license": "MIT",
      "engines": {
        "node": ">=20.0.0"
      }
    },
    "node_modules/buffer-crc32": {
      "version": "1.0.0",
      "resolved": "https://registry.npmjs.org/buffer-crc32/-/buffer-crc32-1.0.0.tgz",
      "integrity": "sha512-Db1SbgBS/fg/392AblrMJk97KggmvYhr4pB5ZIMTWtaivCPMWLkmb7m21cJvpvgK+J3nsU2CmmixNBZx4vFj/w==",
      "license": "MIT",
      "engines": {
        "node": ">=8.0.0"
      }
    },
    "node_modules/yazl": {
      "version": "3.3.1",
      "resolved": "https://registry.npmjs.org/yazl/-/yazl-3.3.1.tgz",
      "integrity": "sha512-BbETDVWG+VcMUle37k5Fqp//7SDOK2/1+T7X8TD96M3D9G8jK5VLUdQVdVjGi8im7FGkazX7kk5hkU8X4L5Bng==",
      "license": "MIT",
      "dependencies": {
        "buffer-crc32": "^1.0.0"
      }
    }
  }
}
